github.com/BurntSushi/toml v1.0.0 h1:dtDWrepsVPfW9H/4y7dDgFc2MBUSeJhlaDtK13CxFlU=
github.com/BurntSushi/toml v1.0.0/go.mod h1:CxXYINrC8qIiEnFrOxCa7Jy5BFHlXnUU2pbicEuybxQ=
github.com/google/licensecheck v0.3.1 h1:QoxgoDkaeC4nFrtGN1jV7IPmDCHFNIVh54e5hSt6sPs=
github.com/google/licensecheck v0.3.1/go.mod h1:ORkR35t/JjW+emNKtfJDII0zlciG9JgbT7SmsohlHmY=
github.com/kortschak/camel v0.0.0-20220208065757-0665e01e7dba h1:140WFLaM7yYmAjBaeulEJJ9JJ//2Mpz08e5DfGXsGKs=
github.com/kortschak/camel v0.0.0-20220208065757-0665e01e7dba/go.mod h1:ROOXSC/EYpQz07U4MnCkMbXvKNC7O6iRolPUl/L2BZU=
github.com/kortschak/ct v0.0.0-20140325011614-7d86dffe6951 h1:I12D1A/+qvQfb7cENS32wTtXNF9dh7S8H847WGjnJ1U=
github.com/kortschak/ct v0.0.0-20140325011614-7d86dffe6951/go.mod h1:5l1kPezpRemBE+Nj0tHiYk9JXHpgYwg0sOC5pvEScm8=
github.com/kortschak/gospel v1.14.0 h1:Mbv12/GyC2tP06Bdnj0/F0dSvfzl+1dQ3yrwEqR6QUU=
github.com/kortschak/gospel v1.14.0/go.mod h1:+MUdkdfXvlqW7JPmgWxjeu4fmXetrDHnfcFNZzRlcXA=
github.com/kortschak/hunspell v0.0.0-20220305030544-5d8374a03860 h1:fcZyrYpEfwcyQTUVvzf0p0JerPpvp66TpkBlSvTv/Ac=
github.com/kortschak/hunspell v0.0.0-20220305030544-5d8374a03860/go.mod h1:UX/MV1xVxpegO/g9sSU1oImCQAqLr9Z+70+wjJ11Aq8=
github.com/kr/pretty v0.1.0/go.mod h1:dAy3ld7l9f0ibDNOQOHHMYYIIbhfbHSm3C4ZsoJORNo=
github.com/kr/pty v1.1.1/go.mod h1:pFQYn66WHrOpPYNljwOMqo10TkYh1fy3cYio2l3bCsQ=
github.com/kr/text v0.1.0/go.mod h1:4Jbv+DJW3UT/LiOwJeYQe1efqtUx/iVham/4vfdArNI=
github.com/pkg/diff v0.0.0-20210226163009-20ebb0f2a09e/go.mod h1:pJLUxLENpZxwdsKMEsNbx1VGcRFpLqf3715MtcvvzbA=
github.com/rogpeppe/go-internal v1.8.1/go.mod h1:JeRgkft04UBgHMgCIwADu4Pn6Mtm5d4nPKWu0nJ5d+o=
golang.org/x/mod v0.5.1 h1:OJxoQ/rynoF0dcCdI7cLPktw/hR2cueqYfjm43oqK38=
golang.org/x/mod v0.5.1/go.mod h1:5OXOZSfqPIIbmVBIIKWRFfZjPR0E5r58TLhUjH0a2Ro=
golang.org/x/sync v0.0.0-20210220032951-036812b2e83c/go.mod h1:RxMgew5VJxzue5/jJTE5uejpjVlOe/izrB70Jof72aM=
golang.org/x/sys v0.0.0-20220227234510-4e6760a101f9 h1:nhht2DYV/Sn3qOayu8lM+cU1ii9sTLUeBQwQQfUHtrs=
golang.org/x/sys v0.0.0-20220227234510-4e6760a101f9/go.mod h1:oPkhp1MJrh7nUepCBck5+mAzfO9JrbApNNgaTdGDITg=
golang.org/x/tools v0.1.9 h1:j9KsMiaP1c3B0OTQGth0/k+miLGTgLsAFUCrF2vLcF8=
golang.org/x/tools v0.1.9/go.mod h1:nABZi5QlRsZVlzPpHl034qft6wpY4eDcsTt5AaioBiU=
golang.org/x/xerrors v0.0.0-20200804184101-5ec99f83aff1 h1:go1bK/D/BFZV2I8cIQd1NKEZ+0owSTG1fDTci4IqFcE=
golang.org/x/xerrors v0.0.0-20200804184101-5ec99f83aff1/go.mod h1:I/5z698sn9Ka8TeJc9MKroUUfqBBauWjQqLJ2OPfmY0=
gopkg.in/check.v1 v1.0.0-20180628173108-788fd7840127/go.mod h1:Co6ibVJAznAaIkqp8huTwlJQCZ016jof/cbN4VW5Yz0=
gopkg.in/errgo.v2 v2.1.0/go.mod h1:hNsd1EY+bozCKY1Ytp96fpM3vjJbqLJn88ws8XvfDNI=
mvdan.cc/xurls/v2 v2.4.0 h1:tzxjVAj+wSBmDcF6zBB7/myTy3gX9xvi8Tyr28AuQgc=
mvdan.cc/xurls/v2 v2.4.0/go.mod h1:+GEjq9uNjqs8LQfM9nVnM8rff0OQ5Iash5rzX+N1CSg=
